
Microsoft Visual Studio Solution File, Format Version 12.00
# Visual Studio 15
VisualStudioVersion = 15.0.28307.1758
MinimumVisualStudioVersion = 10.0.40219.1
Project("{FAE04EC0-301F-11D3-BF4B-00C04F79EFBC}") = "MainPage", "MainPage\MainPage.csproj", "{36530850-3523-4577-821F-946F57A40359}"
EndProject
Project("{FAE04EC0-301F-11D3-BF4B-00C04F79EFBC}") = "组装工位视觉", "控件集合\组装工位视觉.csproj", "{ACF5DCC5-3A49-4F45-B780-C51EB03CE2C7}"
EndProject
Project("{FAE04EC0-301F-11D3-BF4B-00C04F79EFBC}") = "点胶工位视觉", "点胶工位视觉\点胶工位视觉.csproj", "{2C816710-FA4B-4CB2-AD1F-170F4EDBF70D}"
EndProject
Global
	GlobalSection(SolutionConfigurationPlatforms) = preSolution
		Debug|Any CPU = Debug|Any CPU
		Release|Any CPU = Release|Any CPU
	EndGlobalSection
	GlobalSection(ProjectConfigurationPlatforms) = postSolution
		{36530850-3523-4577-821F-946F57A40359}.Debug|Any CPU.ActiveCfg = Debug|Any CPU
		{36530850-3523-4577-821F-946F57A40359}.Debug|Any CPU.Build.0 = Debug|Any CPU
		{36530850-3523-4577-821F-946F57A40359}.Release|Any CPU.ActiveCfg = Release|Any CPU
		{36530850-3523-4577-821F-946F57A40359}.Release|Any CPU.Build.0 = Release|Any CPU
		{ACF5DCC5-3A49-4F45-B780-C51EB03CE2C7}.Debug|Any CPU.ActiveCfg = Debug|Any CPU
		{ACF5DCC5-3A49-4F45-B780-C51EB03CE2C7}.Debug|Any CPU.Build.0 = Debug|Any CPU
		{ACF5DCC5-3A49-4F45-B780-C51EB03CE2C7}.Release|Any CPU.ActiveCfg = Release|Any CPU
		{ACF5DCC5-3A49-4F45-B780-C51EB03CE2C7}.Release|Any CPU.Build.0 = Release|Any CPU
		{2C816710-FA4B-4CB2-AD1F-170F4EDBF70D}.Debug|Any CPU.ActiveCfg = Debug|Any CPU
		{2C816710-FA4B-4CB2-AD1F-170F4EDBF70D}.Debug|Any CPU.Build.0 = Debug|Any CPU
		{2C816710-FA4B-4CB2-AD1F-170F4EDBF70D}.Release|Any CPU.ActiveCfg = Release|Any CPU
		{2C816710-FA4B-4CB2-AD1F-170F4EDBF70D}.Release|Any CPU.Build.0 = Release|Any CPU
	EndGlobalSection
	GlobalSection(SolutionProperties) = preSolution
		HideSolutionNode = FALSE
	EndGlobalSection
	GlobalSection(ExtensibilityGlobals) = postSolution
		SolutionGuid = {1A7702D3-4615-44FE-837A-2B25A643AFA4}
	EndGlobalSection
EndGlobal
